
Microsoft Visual Studio Solution File, Format Version 11.00
# Visual Studio 2010
Project("{FAE04EC0-301F-11D3-BF4B-00C04F79EFBC}") = "Tweeta.WP7", "Tweeta.WP7\Tweeta.WP7.csproj", "{F7915501-CA0D-4EF0-9824-4B2C7EC2B08D}"
EndProject
Project("{FAE04EC0-301F-11D3-BF4B-00C04F79EFBC}") = "WP7HelperFX", "WP7HelperFX\WP7HelperFX.csproj", "{BD72EAEF-7F43-4323-934D-5A1034901827}"
EndProject
Global
	GlobalSection(SolutionConfigurationPlatforms) = preSolution
		Debug|Any CPU = Debug|Any CPU
		Release|Any CPU = Release|Any CPU
	EndGlobalSection
	GlobalSection(ProjectConfigurationPlatforms) = postSolution
		{F7915501-CA0D-4EF0-9824-4B2C7EC2B08D}.Debug|Any CPU.ActiveCfg = Debug|Any CPU
		{F7915501-CA0D-4EF0-9824-4B2C7EC2B08D}.Debug|Any CPU.Build.0 = Debug|Any CPU
		{F7915501-CA0D-4EF0-9824-4B2C7EC2B08D}.Debug|Any CPU.Deploy.0 = Debug|Any CPU
		{F7915501-CA0D-4EF0-9824-4B2C7EC2B08D}.Release|Any CPU.ActiveCfg = Release|Any CPU
		{F7915501-CA0D-4EF0-9824-4B2C7EC2B08D}.Release|Any CPU.Build.0 = Release|Any CPU
		{F7915501-CA0D-4EF0-9824-4B2C7EC2B08D}.Release|Any CPU.Deploy.0 = Release|Any CPU
		{BD72EAEF-7F43-4323-934D-5A1034901827}.Debug|Any CPU.ActiveCfg = Debug|Any CPU
		{BD72EAEF-7F43-4323-934D-5A1034901827}.Debug|Any CPU.Build.0 = Debug|Any CPU
		{BD72EAEF-7F43-4323-934D-5A1034901827}.Release|Any CPU.ActiveCfg = Release|Any CPU
		{BD72EAEF-7F43-4323-934D-5A1034901827}.Release|Any CPU.Build.0 = Release|Any CPU
	EndGlobalSection
	GlobalSection(SolutionProperties) = preSolution
		HideSolutionNode = FALSE
	EndGlobalSection
EndGlobal
